# This file is automatically @generated by Cargo.
# It is not intended for manual editing.
version = 4

[[package]]
name = "keyway"
version = "0.1.0"
dependencies = [
 "keyway-core",
]

[[package]]
name = "keyway-cli"
version = "0.1.0"
dependencies = [
 "keyway-core",
]

[[package]]
name = "keyway-core"
version = "0.1.0"
